
Microsoft Visual Studio Solution File, Format Version 12.00
# Visual Studio Version 17
VisualStudioVersion = 17.5.002.0
MinimumVisualStudioVersion = 10.0.40219.1
Project("{9A19103F-16F7-4668-BE54-9A1E7A4F7556}") = "Gateway", "Gateway.csproj", "{374D0693-06FB-4BDB-A721-CB4D8F690784}"
EndProject
Global
	GlobalSection(SolutionConfigurationPlatforms) = preSolution
		Debug|Any CPU = Debug|Any CPU
		Release|Any CPU = Release|Any CPU
	EndGlobalSection
	GlobalSection(ProjectConfigurationPlatforms) = postSolution
		{374D0693-06FB-4BDB-A721-CB4D8F690784}.Debug|Any CPU.ActiveCfg = Debug|Any CPU
		{374D0693-06FB-4BDB-A721-CB4D8F690784}.Debug|Any CPU.Build.0 = Debug|Any CPU
		{374D0693-06FB-4BDB-A721-CB4D8F690784}.Release|Any CPU.ActiveCfg = Release|Any CPU
		{374D0693-06FB-4BDB-A721-CB4D8F690784}.Release|Any CPU.Build.0 = Release|Any CPU
	EndGlobalSection
	GlobalSection(SolutionProperties) = preSolution
		HideSolutionNode = FALSE
	EndGlobalSection
	GlobalSection(ExtensibilityGlobals) = postSolution
		SolutionGuid = {23CB1AC4-C2D6-4D74-8319-C5F1D8CE4D75}
	EndGlobalSection
EndGlobal
